
Microsoft Visual Studio Solution File, Format Version 12.00
# Visual Studio Version 16
VisualStudioVersion = 16.0.31205.134
MinimumVisualStudioVersion = 10.0.40219.1
Project("{159641D6-6404-4A2A-AE62-294DE0FE8301}") = "SSIS_Video_Tutorial", "SSIS_Video_Tutorial\SSIS_Video_Tutorial.dtproj", "{6ABDA7BC-8BFD-4645-ADAF-1649DD9B2086}"
EndProject
Global
	GlobalSection(SolutionConfigurationPlatforms) = preSolution
		Development|Default = Development|Default
	EndGlobalSection
	GlobalSection(ProjectConfigurationPlatforms) = postSolution
		{6ABDA7BC-8BFD-4645-ADAF-1649DD9B2086}.Development|Default.ActiveCfg = Development
		{6ABDA7BC-8BFD-4645-ADAF-1649DD9B2086}.Development|Default.Build.0 = Development
	EndGlobalSection
	GlobalSection(SolutionProperties) = preSolution
		HideSolutionNode = FALSE
	EndGlobalSection
	GlobalSection(ExtensibilityGlobals) = postSolution
		SolutionGuid = {7B329D82-D3F9-48D1-8400-7C0110CF90D1}
	EndGlobalSection
EndGlobal
